
Microsoft Visual Studio Solution File, Format Version 12.00
# Visual Studio Version 17
VisualStudioVersion = 17.0.31903.59
MinimumVisualStudioVersion = 10.0.40219.1
Project("{FAE04EC0-301F-11D3-BF4B-00C04F79EFBC}") = "Synthea.Cli", "Synthea.Cli\Synthea.Cli.csproj", "{CCE15CD9-717A-4E46-A3BB-ADCF87F66042}"
EndProject
Project("{FAE04EC0-301F-11D3-BF4B-00C04F79EFBC}") = "Synthea.Cli.Tests", "Synthea.Cli.Tests\Synthea.Cli.Tests.csproj", "{8196CA03-713A-42E9-9972-DC99C55970DD}"
EndProject
Project("{2150E333-8FDC-42A3-9474-1A3956D46DE8}") = "run", "run", "{83694C88-FCC6-E00F-7122-7203084C5BD8}"
EndProject
Global
	GlobalSection(SolutionConfigurationPlatforms) = preSolution
		Debug|Any CPU = Debug|Any CPU
		Debug|x64 = Debug|x64
		Debug|x86 = Debug|x86
		Release|Any CPU = Release|Any CPU
		Release|x64 = Release|x64
		Release|x86 = Release|x86
	EndGlobalSection
	GlobalSection(ProjectConfigurationPlatforms) = postSolution
		{CCE15CD9-717A-4E46-A3BB-ADCF87F66042}.Debug|Any CPU.ActiveCfg = Debug|Any CPU
		{CCE15CD9-717A-4E46-A3BB-ADCF87F66042}.Debug|Any CPU.Build.0 = Debug|Any CPU
		{CCE15CD9-717A-4E46-A3BB-ADCF87F66042}.Debug|x64.ActiveCfg = Debug|Any CPU
		{CCE15CD9-717A-4E46-A3BB-ADCF87F66042}.Debug|x64.Build.0 = Debug|Any CPU
		{CCE15CD9-717A-4E46-A3BB-ADCF87F66042}.Debug|x86.ActiveCfg = Debug|Any CPU
		{CCE15CD9-717A-4E46-A3BB-ADCF87F66042}.Debug|x86.Build.0 = Debug|Any CPU
		{CCE15CD9-717A-4E46-A3BB-ADCF87F66042}.Release|Any CPU.ActiveCfg = Release|Any CPU
		{CCE15CD9-717A-4E46-A3BB-ADCF87F66042}.Release|Any CPU.Build.0 = Release|Any CPU
		{CCE15CD9-717A-4E46-A3BB-ADCF87F66042}.Release|x64.ActiveCfg = Release|Any CPU
		{CCE15CD9-717A-4E46-A3BB-ADCF87F66042}.Release|x64.Build.0 = Release|Any CPU
		{CCE15CD9-717A-4E46-A3BB-ADCF87F66042}.Release|x86.ActiveCfg = Release|Any CPU
		{CCE15CD9-717A-4E46-A3BB-ADCF87F66042}.Release|x86.Build.0 = Release|Any CPU
		{8196CA03-713A-42E9-9972-DC99C55970DD}.Debug|Any CPU.ActiveCfg = Debug|Any CPU
		{8196CA03-713A-42E9-9972-DC99C55970DD}.Debug|Any CPU.Build.0 = Debug|Any CPU
		{8196CA03-713A-42E9-9972-DC99C55970DD}.Debug|x64.ActiveCfg = Debug|Any CPU
		{8196CA03-713A-42E9-9972-DC99C55970DD}.Debug|x64.Build.0 = Debug|Any CPU
		{8196CA03-713A-42E9-9972-DC99C55970DD}.Debug|x86.ActiveCfg = Debug|Any CPU
		{8196CA03-713A-42E9-9972-DC99C55970DD}.Debug|x86.Build.0 = Debug|Any CPU
		{8196CA03-713A-42E9-9972-DC99C55970DD}.Release|Any CPU.ActiveCfg = Release|Any CPU
		{8196CA03-713A-42E9-9972-DC99C55970DD}.Release|Any CPU.Build.0 = Release|Any CPU
		{8196CA03-713A-42E9-9972-DC99C55970DD}.Release|x64.ActiveCfg = Release|Any CPU
		{8196CA03-713A-42E9-9972-DC99C55970DD}.Release|x64.Build.0 = Release|Any CPU
		{8196CA03-713A-42E9-9972-DC99C55970DD}.Release|x86.ActiveCfg = Release|Any CPU
		{8196CA03-713A-42E9-9972-DC99C55970DD}.Release|x86.Build.0 = Release|Any CPU
	EndGlobalSection
	GlobalSection(SolutionProperties) = preSolution
		HideSolutionNode = FALSE
	EndGlobalSection
EndGlobal
