
Microsoft Visual Studio Solution File, Format Version 12.00
# Visual Studio Version 17
VisualStudioVersion = 17.0.31903.59
MinimumVisualStudioVersion = 10.0.40219.1
Project("{FAE04EC0-301F-11D3-BF4B-00C04F79EFBC}") = "Synthea.Cli", "src\Synthea.Cli\Synthea.Cli.csproj", "{CCE15CD9-717A-4E46-A3BB-ADCF87F66042}"
EndProject
Project("{2150E333-8FDC-42A3-9474-1A3956D46DE8}") = "tests", "tests", "{A1B2C3D4-E5F6-7890-1234-56789ABCDEF0}"
	ProjectSection(SolutionItems) = preProject
		tests\placeholder.txt = tests\placeholder.txt
	EndProjectSection
EndProject
Project("{2150E333-8FDC-42A3-9474-1A3956D46DE8}") = "scripts", "scripts", "{C9E6B7F8-4B13-5C2D-0F34-567890ABCDEF}"
	ProjectSection(SolutionItems) = preProject
		scripts\synthea-cli-create.ps1 = scripts\synthea-cli-create.ps1
		scripts\windows\install-vscode-extensions.ps1 = scripts\windows\install-vscode-extensions.ps1
	EndProjectSection
EndProject
Project("{FAE04EC0-301F-11D3-BF4B-00C04F79EFBC}") = "Synthea.Cli.UnitTests", "tests\Synthea.Cli.UnitTests\Synthea.Cli.UnitTests.csproj", "{8196CA03-713A-42E9-9972-DC99C55970DD}"
EndProject
Project("{2150E333-8FDC-42A3-9474-1A3956D46DE8}") = "run", "run", "{83694C88-FCC6-E00F-7122-7203084C5BD8}"
	ProjectSection(SolutionItems) = preProject
		run\setup.sh = run\setup.sh
	EndProjectSection
EndProject
Project("{2150E333-8FDC-42A3-9474-1A3956D46DE8}") = "Solution Items", "Solution Items", "{8EC462FD-D22E-90A8-E5CE-7E832BA40C5D}"
	ProjectSection(SolutionItems) = preProject
		README.md = README.md
	EndProjectSection
EndProject
Project("{FAE04EC0-301F-11D3-BF4B-00C04F79EFBC}") = "Synthea.Cli.IntegrationTests", "tests\Synthea.Cli.IntegrationTests\Synthea.Cli.IntegrationTests.csproj", "{F232F344-DEBB-4FC4-9194-B06A3AC7FEF4}"
EndProject
Global
	GlobalSection(SolutionConfigurationPlatforms) = preSolution
		Debug|Any CPU = Debug|Any CPU
		Debug|x64 = Debug|x64
		Debug|x86 = Debug|x86
		Release|Any CPU = Release|Any CPU
		Release|x64 = Release|x64
		Release|x86 = Release|x86
	EndGlobalSection
	GlobalSection(ProjectConfigurationPlatforms) = postSolution
		{CCE15CD9-717A-4E46-A3BB-ADCF87F66042}.Debug|Any CPU.ActiveCfg = Debug|Any CPU
		{CCE15CD9-717A-4E46-A3BB-ADCF87F66042}.Debug|Any CPU.Build.0 = Debug|Any CPU
		{CCE15CD9-717A-4E46-A3BB-ADCF87F66042}.Debug|x64.ActiveCfg = Debug|Any CPU
		{CCE15CD9-717A-4E46-A3BB-ADCF87F66042}.Debug|x64.Build.0 = Debug|Any CPU
		{CCE15CD9-717A-4E46-A3BB-ADCF87F66042}.Debug|x86.ActiveCfg = Debug|Any CPU
		{CCE15CD9-717A-4E46-A3BB-ADCF87F66042}.Debug|x86.Build.0 = Debug|Any CPU
		{CCE15CD9-717A-4E46-A3BB-ADCF87F66042}.Release|Any CPU.ActiveCfg = Release|Any CPU
		{CCE15CD9-717A-4E46-A3BB-ADCF87F66042}.Release|Any CPU.Build.0 = Release|Any CPU
		{CCE15CD9-717A-4E46-A3BB-ADCF87F66042}.Release|x64.ActiveCfg = Release|Any CPU
		{CCE15CD9-717A-4E46-A3BB-ADCF87F66042}.Release|x64.Build.0 = Release|Any CPU
		{CCE15CD9-717A-4E46-A3BB-ADCF87F66042}.Release|x86.ActiveCfg = Release|Any CPU
		{CCE15CD9-717A-4E46-A3BB-ADCF87F66042}.Release|x86.Build.0 = Release|Any CPU
		{8196CA03-713A-42E9-9972-DC99C55970DD}.Debug|Any CPU.ActiveCfg = Debug|Any CPU
		{8196CA03-713A-42E9-9972-DC99C55970DD}.Debug|Any CPU.Build.0 = Debug|Any CPU
		{8196CA03-713A-42E9-9972-DC99C55970DD}.Debug|x64.ActiveCfg = Debug|Any CPU
		{8196CA03-713A-42E9-9972-DC99C55970DD}.Debug|x64.Build.0 = Debug|Any CPU
		{8196CA03-713A-42E9-9972-DC99C55970DD}.Debug|x86.ActiveCfg = Debug|Any CPU
		{8196CA03-713A-42E9-9972-DC99C55970DD}.Debug|x86.Build.0 = Debug|Any CPU
		{8196CA03-713A-42E9-9972-DC99C55970DD}.Release|Any CPU.ActiveCfg = Release|Any CPU
		{8196CA03-713A-42E9-9972-DC99C55970DD}.Release|Any CPU.Build.0 = Release|Any CPU
		{8196CA03-713A-42E9-9972-DC99C55970DD}.Release|x64.ActiveCfg = Release|Any CPU
		{8196CA03-713A-42E9-9972-DC99C55970DD}.Release|x64.Build.0 = Release|Any CPU
		{8196CA03-713A-42E9-9972-DC99C55970DD}.Release|x86.ActiveCfg = Release|Any CPU
		{8196CA03-713A-42E9-9972-DC99C55970DD}.Release|x86.Build.0 = Release|Any CPU
		{F232F344-DEBB-4FC4-9194-B06A3AC7FEF4}.Debug|Any CPU.ActiveCfg = Debug|Any CPU
		{F232F344-DEBB-4FC4-9194-B06A3AC7FEF4}.Debug|Any CPU.Build.0 = Debug|Any CPU
		{F232F344-DEBB-4FC4-9194-B06A3AC7FEF4}.Debug|x64.ActiveCfg = Debug|Any CPU
		{F232F344-DEBB-4FC4-9194-B06A3AC7FEF4}.Debug|x64.Build.0 = Debug|Any CPU
		{F232F344-DEBB-4FC4-9194-B06A3AC7FEF4}.Debug|x86.ActiveCfg = Debug|Any CPU
		{F232F344-DEBB-4FC4-9194-B06A3AC7FEF4}.Debug|x86.Build.0 = Debug|Any CPU
		{F232F344-DEBB-4FC4-9194-B06A3AC7FEF4}.Release|Any CPU.ActiveCfg = Release|Any CPU
		{F232F344-DEBB-4FC4-9194-B06A3AC7FEF4}.Release|Any CPU.Build.0 = Release|Any CPU
		{F232F344-DEBB-4FC4-9194-B06A3AC7FEF4}.Release|x64.ActiveCfg = Release|Any CPU
		{F232F344-DEBB-4FC4-9194-B06A3AC7FEF4}.Release|x64.Build.0 = Release|Any CPU
		{F232F344-DEBB-4FC4-9194-B06A3AC7FEF4}.Release|x86.ActiveCfg = Release|Any CPU
		{F232F344-DEBB-4FC4-9194-B06A3AC7FEF4}.Release|x86.Build.0 = Release|Any CPU
	EndGlobalSection
	GlobalSection(SolutionProperties) = preSolution
		HideSolutionNode = FALSE
	EndGlobalSection
	GlobalSection(NestedProjects) = preSolution
		{F232F344-DEBB-4FC4-9194-B06A3AC7FEF4} = {A1B2C3D4-E5F6-7890-1234-56789ABCDEF0}
	EndGlobalSection
	GlobalSection(ExtensibilityGlobals) = postSolution
		SolutionGuid = {76AFACAA-7076-4E5F-9E5E-5D72DC54F2DB}
	EndGlobalSection
EndGlobal
